Microsoft Visual Studio Solution File, Format Version 12.00
# Visual Studio Version 17
VisualStudioVersion = 17.5.2.0
MinimumVisualStudioVersion = 10.0.40219.1
Project("{FAE04EC0-301F-11D3-BF4B-00C04F79EFBC}") = "sportify.dal", "sportify.dal.csproj", "{6FBAEDF6-27E5-2293-3EC4-C66E7EC458D4}"
EndProject
Global
	GlobalSection(SolutionConfigurationPlatforms) = preSolution
		Debug|Any CPU = Debug|Any CPU
		Release|Any CPU = Release|Any CPU
	EndGlobalSection
	GlobalSection(ProjectConfigurationPlatforms) = postSolution
		{6FBAEDF6-27E5-2293-3EC4-C66E7EC458D4}.Debug|Any CPU.ActiveCfg = Debug|Any CPU
		{6FBAEDF6-27E5-2293-3EC4-C66E7EC458D4}.Debug|Any CPU.Build.0 = Debug|Any CPU
		{6FBAEDF6-27E5-2293-3EC4-C66E7EC458D4}.Release|Any CPU.ActiveCfg = Release|Any CPU
		{6FBAEDF6-27E5-2293-3EC4-C66E7EC458D4}.Release|Any CPU.Build.0 = Release|Any CPU
	EndGlobalSection
	GlobalSection(SolutionProperties) = preSolution
		HideSolutionNode = FALSE
	EndGlobalSection
	GlobalSection(ExtensibilityGlobals) = postSolution
		SolutionGuid = {164956C3-363B-4A91-A43D-37BD39C6391C}
	EndGlobalSection
EndGlobal
