
Microsoft Visual Studio Solution File, Format Version 12.00
# Visual Studio Version 17
VisualStudioVersion = 17.12.35707.178 d17.12
MinimumVisualStudioVersion = 10.0.40219.1
Project("{FAE04EC0-301F-11D3-BF4B-00C04F79EFBC}") = "Sportify.PL", "Sportify.PL\Sportify.PL.csproj", "{AD23879B-3F58-4452-8882-90CFEFFAFF66}"
EndProject
Project("{FAE04EC0-301F-11D3-BF4B-00C04F79EFBC}") = "Sportify.DAL", "Sportify.DAL\Sportify.DAL.csproj", "{8437B100-34DE-4DBB-897D-5F2CED15E5AF}"
EndProject
Project("{FAE04EC0-301F-11D3-BF4B-00C04F79EFBC}") = "Sportify.BLL", "Sportify.BLL\Sportify.BLL.csproj", "{A51C7EF6-2703-4A1D-B725-173F431A3710}"
EndProject
Global
	GlobalSection(SolutionConfigurationPlatforms) = preSolution
		Debug|Any CPU = Debug|Any CPU
		Release|Any CPU = Release|Any CPU
	EndGlobalSection
	GlobalSection(ProjectConfigurationPlatforms) = postSolution
		{AD23879B-3F58-4452-8882-90CFEFFAFF66}.Debug|Any CPU.ActiveCfg = Debug|Any CPU
		{AD23879B-3F58-4452-8882-90CFEFFAFF66}.Debug|Any CPU.Build.0 = Debug|Any CPU
		{AD23879B-3F58-4452-8882-90CFEFFAFF66}.Release|Any CPU.ActiveCfg = Release|Any CPU
		{AD23879B-3F58-4452-8882-90CFEFFAFF66}.Release|Any CPU.Build.0 = Release|Any CPU
		{8437B100-34DE-4DBB-897D-5F2CED15E5AF}.Debug|Any CPU.ActiveCfg = Debug|Any CPU
		{8437B100-34DE-4DBB-897D-5F2CED15E5AF}.Debug|Any CPU.Build.0 = Debug|Any CPU
		{8437B100-34DE-4DBB-897D-5F2CED15E5AF}.Release|Any CPU.ActiveCfg = Release|Any CPU
		{8437B100-34DE-4DBB-897D-5F2CED15E5AF}.Release|Any CPU.Build.0 = Release|Any CPU
		{A51C7EF6-2703-4A1D-B725-173F431A3710}.Debug|Any CPU.ActiveCfg = Debug|Any CPU
		{A51C7EF6-2703-4A1D-B725-173F431A3710}.Debug|Any CPU.Build.0 = Debug|Any CPU
		{A51C7EF6-2703-4A1D-B725-173F431A3710}.Release|Any CPU.ActiveCfg = Release|Any CPU
		{A51C7EF6-2703-4A1D-B725-173F431A3710}.Release|Any CPU.Build.0 = Release|Any CPU
	EndGlobalSection
	GlobalSection(SolutionProperties) = preSolution
		HideSolutionNode = FALSE
	EndGlobalSection
EndGlobal
