
Microsoft Visual Studio Solution File, Format Version 12.00
# Visual Studio Version 17
VisualStudioVersion = 17.12.35514.174 d17.12
MinimumVisualStudioVersion = 10.0.40219.1
Project("{FAE04EC0-301F-11D3-BF4B-00C04F79EFBC}") = "sportify.web", "sportify\sportify.web.csproj", "{D3AB4FFD-F6C1-4D6E-AFC5-E5A82B59B306}"
EndProject
Project("{FAE04EC0-301F-11D3-BF4B-00C04F79EFBC}") = "sportify.dal", "sportify.dal\sportify.dal.csproj", "{8BC06CA1-E9D6-4FCE-9EB8-3A3C78860318}"
EndProject
Project("{FAE04EC0-301F-11D3-BF4B-00C04F79EFBC}") = "sportify.domain", "sportify.bll\sportify.domain.csproj", "{48014269-1FCF-4D86-B85C-BF6356F26CFD}"
EndProject
Global
	GlobalSection(SolutionConfigurationPlatforms) = preSolution
		Debug|Any CPU = Debug|Any CPU
		Release|Any CPU = Release|Any CPU
	EndGlobalSection
	GlobalSection(ProjectConfigurationPlatforms) = postSolution
		{D3AB4FFD-F6C1-4D6E-AFC5-E5A82B59B306}.Debug|Any CPU.ActiveCfg = Debug|Any CPU
		{D3AB4FFD-F6C1-4D6E-AFC5-E5A82B59B306}.Debug|Any CPU.Build.0 = Debug|Any CPU
		{D3AB4FFD-F6C1-4D6E-AFC5-E5A82B59B306}.Release|Any CPU.ActiveCfg = Release|Any CPU
		{D3AB4FFD-F6C1-4D6E-AFC5-E5A82B59B306}.Release|Any CPU.Build.0 = Release|Any CPU
		{8BC06CA1-E9D6-4FCE-9EB8-3A3C78860318}.Debug|Any CPU.ActiveCfg = Debug|Any CPU
		{8BC06CA1-E9D6-4FCE-9EB8-3A3C78860318}.Debug|Any CPU.Build.0 = Debug|Any CPU
		{8BC06CA1-E9D6-4FCE-9EB8-3A3C78860318}.Release|Any CPU.ActiveCfg = Release|Any CPU
		{8BC06CA1-E9D6-4FCE-9EB8-3A3C78860318}.Release|Any CPU.Build.0 = Release|Any CPU
		{48014269-1FCF-4D86-B85C-BF6356F26CFD}.Debug|Any CPU.ActiveCfg = Debug|Any CPU
		{48014269-1FCF-4D86-B85C-BF6356F26CFD}.Debug|Any CPU.Build.0 = Debug|Any CPU
		{48014269-1FCF-4D86-B85C-BF6356F26CFD}.Release|Any CPU.ActiveCfg = Release|Any CPU
		{48014269-1FCF-4D86-B85C-BF6356F26CFD}.Release|Any CPU.Build.0 = Release|Any CPU
	EndGlobalSection
	GlobalSection(SolutionProperties) = preSolution
		HideSolutionNode = FALSE
	EndGlobalSection
EndGlobal
