
Microsoft Visual Studio Solution File, Format Version 12.00
# Visual Studio Version 17
VisualStudioVersion = 17.12.35514.174 d17.12
MinimumVisualStudioVersion = 10.0.40219.1
Project("{FAE04EC0-301F-11D3-BF4B-00C04F79EFBC}") = "sportify.DAL", "sportify.DAL\sportify.DAL.csproj", "{A2B2456A-10ED-4565-BAC9-8F09CBF3F13F}"
EndProject
Project("{FAE04EC0-301F-11D3-BF4B-00C04F79EFBC}") = "sportify.BLL", "sportify.BLL\sportify.BLL.csproj", "{FFFD29C0-67E8-467E-BF35-687BF93D0258}"
EndProject
Project("{FAE04EC0-301F-11D3-BF4B-00C04F79EFBC}") = "sportify.PL", "sportify.PL\sportify.PL.csproj", "{D0AB21BB-D025-434E-968C-B16922DB1CB3}"
EndProject
Global
	GlobalSection(SolutionConfigurationPlatforms) = preSolution
		Debug|Any CPU = Debug|Any CPU
		Release|Any CPU = Release|Any CPU
	EndGlobalSection
	GlobalSection(ProjectConfigurationPlatforms) = postSolution
		{A2B2456A-10ED-4565-BAC9-8F09CBF3F13F}.Debug|Any CPU.ActiveCfg = Debug|Any CPU
		{A2B2456A-10ED-4565-BAC9-8F09CBF3F13F}.Debug|Any CPU.Build.0 = Debug|Any CPU
		{A2B2456A-10ED-4565-BAC9-8F09CBF3F13F}.Release|Any CPU.ActiveCfg = Release|Any CPU
		{A2B2456A-10ED-4565-BAC9-8F09CBF3F13F}.Release|Any CPU.Build.0 = Release|Any CPU
		{FFFD29C0-67E8-467E-BF35-687BF93D0258}.Debug|Any CPU.ActiveCfg = Debug|Any CPU
		{FFFD29C0-67E8-467E-BF35-687BF93D0258}.Debug|Any CPU.Build.0 = Debug|Any CPU
		{FFFD29C0-67E8-467E-BF35-687BF93D0258}.Release|Any CPU.ActiveCfg = Release|Any CPU
		{FFFD29C0-67E8-467E-BF35-687BF93D0258}.Release|Any CPU.Build.0 = Release|Any CPU
		{D0AB21BB-D025-434E-968C-B16922DB1CB3}.Debug|Any CPU.ActiveCfg = Debug|Any CPU
		{D0AB21BB-D025-434E-968C-B16922DB1CB3}.Debug|Any CPU.Build.0 = Debug|Any CPU
		{D0AB21BB-D025-434E-968C-B16922DB1CB3}.Release|Any CPU.ActiveCfg = Release|Any CPU
		{D0AB21BB-D025-434E-968C-B16922DB1CB3}.Release|Any CPU.Build.0 = Release|Any CPU
	EndGlobalSection
	GlobalSection(SolutionProperties) = preSolution
		HideSolutionNode = FALSE
	EndGlobalSection
EndGlobal
